// !$*UTF8*$!
{
	archiveVersion = 1;
	classes = {
	};
	objectVersion = 56;
	objects = {

/* Begin PBXBuildFile section */
		CB76EEC92ADEA9BA00B3D518 /* MainTabBar.swift in Sources */ = {isa = PBXBuildFile; fileRef = CB76EEC82ADEA9BA00B3D518 /* MainTabBar.swift */; };
		CB76EECB2ADEB7D800B3D518 /* CartView.swift in Sources */ = {isa = PBXBuildFile; fileRef = CB76EECA2ADEB7D800B3D518 /* CartView.swift */; };
		CB76EECD2ADEB81B00B3D518 /* CatalogView.swift in Sources */ = {isa = PBXBuildFile; fileRef = CB76EECC2ADEB81B00B3D518 /* CatalogView.swift */; };
		CB76EECF2ADEB84700B3D518 /* ProfileView.swift in Sources */ = {isa = PBXBuildFile; fileRef = CB76EECE2ADEB84700B3D518 /* ProfileView.swift */; };
		CB76EED42ADEDB5B00B3D518 /* Product.swift in Sources */ = {isa = PBXBuildFile; fileRef = CB76EED32ADEDB5B00B3D518 /* Product.swift */; };
		CB76EED72ADEDC3900B3D518 /* ProductCell.swift in Sources */ = {isa = PBXBuildFile; fileRef = CB76EED62ADEDC3900B3D518 /* ProductCell.swift */; };
		CB76EEDA2ADEE39100B3D518 /* Tools.swift in Sources */ = {isa = PBXBuildFile; fileRef = CB76EED92ADEE39100B3D518 /* Tools.swift */; };
		CB867DC22ADD852B0058AB86 /* PizzaHotApp.swift in Sources */ = {isa = PBXBuildFile; fileRef = CB867DC12ADD852B0058AB86 /* PizzaHotApp.swift */; };
		CB867DC42ADD852B0058AB86 /* AuthView.swift in Sources */ = {isa = PBXBuildFile; fileRef = CB867DC32ADD852B0058AB86 /* AuthView.swift */; };
		CB867DC62ADD852C0058AB86 /* Assets.xcassets in Resources */ = {isa = PBXBuildFile; fileRef = CB867DC52ADD852C0058AB86 /* Assets.xcassets */; };
		CB867DC92ADD852C0058AB86 /* Preview Assets.xcassets in Resources */ = {isa = PBXBuildFile; fileRef = CB867DC82ADD852C0058AB86 /* Preview Assets.xcassets */; };
		CBAB135E2AE135E300B6858B /* Constants.swift in Sources */ = {isa = PBXBuildFile; fileRef = CBAB135D2AE135E300B6858B /* Constants.swift */; };
		CBAB13602AE13D6C00B6858B /* Tab.swift in Sources */ = {isa = PBXBuildFile; fileRef = CBAB135F2AE13D6C00B6858B /* Tab.swift */; };
		CBAB13622AE1834600B6858B /* CartViewModel.swift in Sources */ = {isa = PBXBuildFile; fileRef = CBAB13612AE1834600B6858B /* CartViewModel.swift */; };
		CBAB13642AE1838E00B6858B /* Position.swift in Sources */ = {isa = PBXBuildFile; fileRef = CBAB13632AE1838E00B6858B /* Position.swift */; };
		CBC4C8D72ADFD3CE000FEFEF /* CatalogViewModel.swift in Sources */ = {isa = PBXBuildFile; fileRef = CBC4C8D62ADFD3CE000FEFEF /* CatalogViewModel.swift */; };
		CBC4C8D92ADFF4FD000FEFEF /* ProductDetailView.swift in Sources */ = {isa = PBXBuildFile; fileRef = CBC4C8D82ADFF4FD000FEFEF /* ProductDetailView.swift */; };
		CBC4C8DB2AE031C3000FEFEF /* ProductDetailViewModel.swift in Sources */ = {isa = PBXBuildFile; fileRef = CBC4C8DA2AE031C3000FEFEF /* ProductDetailViewModel.swift */; };
/* End PBXBuildFile section */

/* Begin PBXFileReference section */
		CB76EEC82ADEA9BA00B3D518 /* MainTabBar.swift */ = {isa = PBXFileReference; lastKnownFileType = sourcecode.swift; path = MainTabBar.swift; sourceTree = "<group>"; };
		CB76EECA2ADEB7D800B3D518 /* CartView.swift */ = {isa = PBXFileReference; lastKnownFileType = sourcecode.swift; path = CartView.swift; sourceTree = "<group>"; };
		CB76EECC2ADEB81B00B3D518 /* CatalogView.swift */ = {isa = PBXFileReference; lastKnownFileType = sourcecode.swift; path = CatalogView.swift; sourceTree = "<group>"; };
		CB76EECE2ADEB84700B3D518 /* ProfileView.swift */ = {isa = PBXFileReference; lastKnownFileType = sourcecode.swift; path = ProfileView.swift; sourceTree = "<group>"; };
		CB76EED32ADEDB5B00B3D518 /* Product.swift */ = {isa = PBXFileReference; lastKnownFileType = sourcecode.swift; path = Product.swift; sourceTree = "<group>"; };
		CB76EED62ADEDC3900B3D518 /* ProductCell.swift */ = {isa = PBXFileReference; lastKnownFileType = sourcecode.swift; path = ProductCell.swift; sourceTree = "<group>"; };
		CB76EED92ADEE39100B3D518 /* Tools.swift */ = {isa = PBXFileReference; lastKnownFileType = sourcecode.swift; path = Tools.swift; sourceTree = "<group>"; };
		CB867DBE2ADD852B0058AB86 /* PizzaHot.app */ = {isa = PBXFileReference; explicitFileType = wrapper.application; includeInIndex = 0; path = PizzaHot.app; sourceTree = BUILT_PRODUCTS_DIR; };
		CB867DC12ADD852B0058AB86 /* PizzaHotApp.swift */ = {isa = PBXFileReference; lastKnownFileType = sourcecode.swift; path = PizzaHotApp.swift; sourceTree = "<group>"; };
		CB867DC32ADD852B0058AB86 /* AuthView.swift */ = {isa = PBXFileReference; lastKnownFileType = sourcecode.swift; path = AuthView.swift; sourceTree = "<group>"; };
		CB867DC52ADD852C0058AB86 /* Assets.xcassets */ = {isa = PBXFileReference; lastKnownFileType = folder.assetcatalog; path = Assets.xcassets; sourceTree = "<group>"; };
		CB867DC82ADD852C0058AB86 /* Preview Assets.xcassets */ = {isa = PBXFileReference; lastKnownFileType = folder.assetcatalog; path = "Preview Assets.xcassets"; sourceTree = "<group>"; };
		CBAB135D2AE135E300B6858B /* Constants.swift */ = {isa = PBXFileReference; lastKnownFileType = sourcecode.swift; path = Constants.swift; sourceTree = "<group>"; };
		CBAB135F2AE13D6C00B6858B /* Tab.swift */ = {isa = PBXFileReference; lastKnownFileType = sourcecode.swift; path = Tab.swift; sourceTree = "<group>"; };
		CBAB13612AE1834600B6858B /* CartViewModel.swift */ = {isa = PBXFileReference; lastKnownFileType = sourcecode.swift; path = CartViewModel.swift; sourceTree = "<group>"; };
		CBAB13632AE1838E00B6858B /* Position.swift */ = {isa = PBXFileReference; lastKnownFileType = sourcecode.swift; path = Position.swift; sourceTree = "<group>"; };
		CBC4C8D62ADFD3CE000FEFEF /* CatalogViewModel.swift */ = {isa = PBXFileReference; lastKnownFileType = sourcecode.swift; path = CatalogViewModel.swift; sourceTree = "<group>"; };
		CBC4C8D82ADFF4FD000FEFEF /* ProductDetailView.swift */ = {isa = PBXFileReference; lastKnownFileType = sourcecode.swift; path = ProductDetailView.swift; sourceTree = "<group>"; };
		CBC4C8DA2AE031C3000FEFEF /* ProductDetailViewModel.swift */ = {isa = PBXFileReference; lastKnownFileType = sourcecode.swift; path = ProductDetailViewModel.swift; sourceTree = "<group>"; };
/* End PBXFileReference section */

/* Begin PBXFrameworksBuildPhase section */
		CB867DBB2ADD852B0058AB86 /* Frameworks */ = {
			isa = PBXFrameworksBuildPhase;
			buildActionMask = 2147483647;
			files = (
			);
			runOnlyForDeploymentPostprocessing = 0;
		};
/* End PBXFrameworksBuildPhase section */

/* Begin PBXGroup section */
		CB76EED02ADEBE7500B3D518 /* View */ = {
			isa = PBXGroup;
			children = (
				CB76EED52ADEDC0B00B3D518 /* components */,
				CB867DC32ADD852B0058AB86 /* AuthView.swift */,
				CB76EEC82ADEA9BA00B3D518 /* MainTabBar.swift */,
				CB76EECA2ADEB7D800B3D518 /* CartView.swift */,
				CB76EECC2ADEB81B00B3D518 /* CatalogView.swift */,
				CBC4C8D82ADFF4FD000FEFEF /* ProductDetailView.swift */,
				CB76EECE2ADEB84700B3D518 /* ProfileView.swift */,
			);
			path = View;
			sourceTree = "<group>";
		};
		CB76EED52ADEDC0B00B3D518 /* components */ = {
			isa = PBXGroup;
			children = (
				CB76EED62ADEDC3900B3D518 /* ProductCell.swift */,
			);
			path = components;
			sourceTree = "<group>";
		};
		CB76EED82ADEE27A00B3D518 /* Utilities */ = {
			isa = PBXGroup;
			children = (
				CB76EED92ADEE39100B3D518 /* Tools.swift */,
				CBAB135D2AE135E300B6858B /* Constants.swift */,
				CBAB135F2AE13D6C00B6858B /* Tab.swift */,
			);
			path = Utilities;
			sourceTree = "<group>";
		};
		CB867DB52ADD852B0058AB86 = {
			isa = PBXGroup;
			children = (
				CB867DC02ADD852B0058AB86 /* PizzaHot */,
				CB867DBF2ADD852B0058AB86 /* Products */,
			);
			sourceTree = "<group>";
		};
		CB867DBF2ADD852B0058AB86 /* Products */ = {
			isa = PBXGroup;
			children = (
				CB867DBE2ADD852B0058AB86 /* PizzaHot.app */,
			);
			name = Products;
			sourceTree = "<group>";
		};
		CB867DC02ADD852B0058AB86 /* PizzaHot */ = {
			isa = PBXGroup;
			children = (
				CB867DC12ADD852B0058AB86 /* PizzaHotApp.swift */,
				CBC4C8D42ADFD373000FEFEF /* Model */,
				CB76EED02ADEBE7500B3D518 /* View */,
				CBC4C8D52ADFD38D000FEFEF /* ViewModel */,
				CB76EED82ADEE27A00B3D518 /* Utilities */,
				CB867DC52ADD852C0058AB86 /* Assets.xcassets */,
				CB867DC72ADD852C0058AB86 /* Preview Content */,
			);
			path = PizzaHot;
			sourceTree = "<group>";
		};
		CB867DC72ADD852C0058AB86 /* Preview Content */ = {
			isa = PBXGroup;
			children = (
				CB867DC82ADD852C0058AB86 /* Preview Assets.xcassets */,
			);
			path = "Preview Content";
			sourceTree = "<group>";
		};
		CBC4C8D42ADFD373000FEFEF /* Model */ = {
			isa = PBXGroup;
			children = (
				CB76EED32ADEDB5B00B3D518 /* Product.swift */,
				CBAB13632AE1838E00B6858B /* Position.swift */,
			);
			path = Model;
			sourceTree = "<group>";
		};
		CBC4C8D52ADFD38D000FEFEF /* ViewModel */ = {
			isa = PBXGroup;
			children = (
				CBC4C8D62ADFD3CE000FEFEF /* CatalogViewModel.swift */,
				CBC4C8DA2AE031C3000FEFEF /* ProductDetailViewModel.swift */,
				CBAB13612AE1834600B6858B /* CartViewModel.swift */,
			);
			path = ViewModel;
			sourceTree = "<group>";
		};
/* End PBXGroup section */

/* Begin PBXNativeTarget section */
		CB867DBD2ADD852B0058AB86 /* PizzaHot */ = {
			isa = PBXNativeTarget;
			buildConfigurationList = CB867DCC2ADD852C0058AB86 /* Build configuration list for PBXNativeTarget "PizzaHot" */;
			buildPhases = (
				CB867DBA2ADD852B0058AB86 /* Sources */,
				CB867DBB2ADD852B0058AB86 /* Frameworks */,
				CB867DBC2ADD852B0058AB86 /* Resources */,
			);
			buildRules = (
			);
			dependencies = (
			);
			name = PizzaHot;
			productName = PizzaHot;
			productReference = CB867DBE2ADD852B0058AB86 /* PizzaHot.app */;
			productType = "com.apple.product-type.application";
		};
/* End PBXNativeTarget section */

/* Begin PBXProject section */
		CB867DB62ADD852B0058AB86 /* Project object */ = {
			isa = PBXProject;
			attributes = {
				BuildIndependentTargetsInParallel = 1;
				LastSwiftUpdateCheck = 1500;
				LastUpgradeCheck = 1500;
				TargetAttributes = {
					CB867DBD2ADD852B0058AB86 = {
						CreatedOnToolsVersion = 15.0;
					};
				};
			};
			buildConfigurationList = CB867DB92ADD852B0058AB86 /* Build configuration list for PBXProject "PizzaHot" */;
			compatibilityVersion = "Xcode 14.0";
			developmentRegion = en;
			hasScannedForEncodings = 0;
			knownRegions = (
				en,
				Base,
			);
			mainGroup = CB867DB52ADD852B0058AB86;
			productRefGroup = CB867DBF2ADD852B0058AB86 /* Products */;
			projectDirPath = "";
			projectRoot = "";
			targets = (
				CB867DBD2ADD852B0058AB86 /* PizzaHot */,
			);
		};
/* End PBXProject section */

/* Begin PBXResourcesBuildPhase section */
		CB867DBC2ADD852B0058AB86 /* Resources */ = {
			isa = PBXResourcesBuildPhase;
			buildActionMask = 2147483647;
			files = (
				CB867DC92ADD852C0058AB86 /* Preview Assets.xcassets in Resources */,
				CB867DC62ADD852C0058AB86 /* Assets.xcassets in Resources */,
			);
			runOnlyForDeploymentPostprocessing = 0;
		};
/* End PBXResourcesBuildPhase section */

/* Begin PBXSourcesBuildPhase section */
		CB867DBA2ADD852B0058AB86 /* Sources */ = {
			isa = PBXSourcesBuildPhase;
			buildActionMask = 2147483647;
			files = (
				CB76EEC92ADEA9BA00B3D518 /* MainTabBar.swift in Sources */,
				CB867DC42ADD852B0058AB86 /* AuthView.swift in Sources */,
				CBC4C8D92ADFF4FD000FEFEF /* ProductDetailView.swift in Sources */,
				CB76EECB2ADEB7D800B3D518 /* CartView.swift in Sources */,
				CB867DC22ADD852B0058AB86 /* PizzaHotApp.swift in Sources */,
				CB76EECF2ADEB84700B3D518 /* ProfileView.swift in Sources */,
				CBAB13622AE1834600B6858B /* CartViewModel.swift in Sources */,
				CB76EED72ADEDC3900B3D518 /* ProductCell.swift in Sources */,
				CBAB135E2AE135E300B6858B /* Constants.swift in Sources */,
				CB76EEDA2ADEE39100B3D518 /* Tools.swift in Sources */,
				CB76EECD2ADEB81B00B3D518 /* CatalogView.swift in Sources */,
				CBC4C8D72ADFD3CE000FEFEF /* CatalogViewModel.swift in Sources */,
				CB76EED42ADEDB5B00B3D518 /* Product.swift in Sources */,
				CBC4C8DB2AE031C3000FEFEF /* ProductDetailViewModel.swift in Sources */,
				CBAB13642AE1838E00B6858B /* Position.swift in Sources */,
				CBAB13602AE13D6C00B6858B /* Tab.swift in Sources */,
			);
			runOnlyForDeploymentPostprocessing = 0;
		};
/* End PBXSourcesBuildPhase section */

/* Begin XCBuildConfiguration section */
		CB867DCA2ADD852C0058AB86 /* Debug */ = {
			isa = XCBuildConfiguration;
			buildSettings = {
				ALWAYS_SEARCH_USER_PATHS = NO;
				ASSETCATALOG_COMPILER_GENERATE_SWIFT_ASSET_SYMBOL_EXTENSIONS = YES;
				CLANG_ANALYZER_NONNULL = YES;
				CLANG_ANALYZER_NUMBER_OBJECT_CONVERSION = YES_AGGRESSIVE;
				CLANG_CXX_LANGUAGE_STANDARD = "gnu++20";
				CLANG_ENABLE_MODULES = YES;
				CLANG_ENABLE_OBJC_ARC = YES;
				CLANG_ENABLE_OBJC_WEAK = YES;
				CLANG_WARN_BLOCK_CAPTURE_AUTORELEASING = YES;
				CLANG_WARN_BOOL_CONVERSION = YES;
				CLANG_WARN_COMMA = YES;
				CLANG_WARN_CONSTANT_CONVERSION = YES;
				CLANG_WARN_DEPRECATED_OBJC_IMPLEMENTATIONS = YES;
				CLANG_WARN_DIRECT_OBJC_ISA_USAGE = YES_ERROR;
				CLANG_WARN_DOCUMENTATION_COMMENTS = YES;
				CLANG_WARN_EMPTY_BODY = YES;
				CLANG_WARN_ENUM_CONVERSION = YES;
				CLANG_WARN_INFINITE_RECURSION = YES;
				CLANG_WARN_INT_CONVERSION = YES;
				CLANG_WARN_NON_LITERAL_NULL_CONVERSION = YES;
				CLANG_WARN_OBJC_IMPLICIT_RETAIN_SELF = YES;
				CLANG_WARN_OBJC_LITERAL_CONVERSION = YES;
				CLANG_WARN_OBJC_ROOT_CLASS = YES_ERROR;
				CLANG_WARN_QUOTED_INCLUDE_IN_FRAMEWORK_HEADER = YES;
				CLANG_WARN_RANGE_LOOP_ANALYSIS = YES;
				CLANG_WARN_STRICT_PROTOTYPES = YES;
				CLANG_WARN_SUSPICIOUS_MOVE = YES;
				CLANG_WARN_UNGUARDED_AVAILABILITY = YES_AGGRESSIVE;
				CLANG_WARN_UNREACHABLE_CODE = YES;
				CLANG_WARN__DUPLICATE_METHOD_MATCH = YES;
				COPY_PHASE_STRIP = NO;
				DEBUG_INFORMATION_FORMAT = dwarf;
				ENABLE_STRICT_OBJC_MSGSEND = YES;
				ENABLE_TESTABILITY = YES;
				ENABLE_USER_SCRIPT_SANDBOXING = YES;
				GCC_C_LANGUAGE_STANDARD = gnu17;
				GCC_DYNAMIC_NO_PIC = NO;
				GCC_NO_COMMON_BLOCKS = YES;
				GCC_OPTIMIZATION_LEVEL = 0;
				GCC_PREPROCESSOR_DEFINITIONS = (
					"DEBUG=1",
					"$(inherited)",
				);
				GCC_WARN_64_TO_32_BIT_CONVERSION = YES;
				GCC_WARN_ABOUT_RETURN_TYPE = YES_ERROR;
				GCC_WARN_UNDECLARED_SELECTOR = YES;
				GCC_WARN_UNINITIALIZED_AUTOS = YES_AGGRESSIVE;
				GCC_WARN_UNUSED_FUNCTION = YES;
				GCC_WARN_UNUSED_VARIABLE = YES;
				IPHONEOS_DEPLOYMENT_TARGET = 17.0;
				LOCALIZATION_PREFERS_STRING_CATALOGS = YES;
				MTL_ENABLE_DEBUG_INFO = INCLUDE_SOURCE;
				MTL_FAST_MATH = YES;
				ONLY_ACTIVE_ARCH = YES;
				SDKROOT = iphoneos;
				SWIFT_ACTIVE_COMPILATION_CONDITIONS = "DEBUG $(inherited)";
				SWIFT_OPTIMIZATION_LEVEL = "-Onone";
			};
			name = Debug;
		};
		CB867DCB2ADD852C0058AB86 /* Release */ = {
			isa = XCBuildConfiguration;
			buildSettings = {
				ALWAYS_SEARCH_USER_PATHS = NO;
				ASSETCATALOG_COMPILER_GENERATE_SWIFT_ASSET_SYMBOL_EXTENSIONS = YES;
				CLANG_ANALYZER_NONNULL = YES;
				CLANG_ANALYZER_NUMBER_OBJECT_CONVERSION = YES_AGGRESSIVE;
				CLANG_CXX_LANGUAGE_STANDARD = "gnu++20";
				CLANG_ENABLE_MODULES = YES;
				CLANG_ENABLE_OBJC_ARC = YES;
				CLANG_ENABLE_OBJC_WEAK = YES;
				CLANG_WARN_BLOCK_CAPTURE_AUTORELEASING = YES;
				CLANG_WARN_BOOL_CONVERSION = YES;
				CLANG_WARN_COMMA = YES;
				CLANG_WARN_CONSTANT_CONVERSION = YES;
				CLANG_WARN_DEPRECATED_OBJC_IMPLEMENTATIONS = YES;
				CLANG_WARN_DIRECT_OBJC_ISA_USAGE = YES_ERROR;
				CLANG_WARN_DOCUMENTATION_COMMENTS = YES;
				CLANG_WARN_EMPTY_BODY = YES;
				CLANG_WARN_ENUM_CONVERSION = YES;
				CLANG_WARN_INFINITE_RECURSION = YES;
				CLANG_WARN_INT_CONVERSION = YES;
				CLANG_WARN_NON_LITERAL_NULL_CONVERSION = YES;
				CLANG_WARN_OBJC_IMPLICIT_RETAIN_SELF = YES;
				CLANG_WARN_OBJC_LITERAL_CONVERSION = YES;
				CLANG_WARN_OBJC_ROOT_CLASS = YES_ERROR;
				CLANG_WARN_QUOTED_INCLUDE_IN_FRAMEWORK_HEADER = YES;
				CLANG_WARN_RANGE_LOOP_ANALYSIS = YES;
				CLANG_WARN_STRICT_PROTOTYPES = YES;
				CLANG_WARN_SUSPICIOUS_MOVE = YES;
				CLANG_WARN_UNGUARDED_AVAILABILITY = YES_AGGRESSIVE;
				CLANG_WARN_UNREACHABLE_CODE = YES;
				CLANG_WARN__DUPLICATE_METHOD_MATCH = YES;
				COPY_PHASE_STRIP = NO;
				DEBUG_INFORMATION_FORMAT = "dwarf-with-dsym";
				ENABLE_NS_ASSERTIONS = NO;
				ENABLE_STRICT_OBJC_MSGSEND = YES;
				ENABLE_USER_SCRIPT_SANDBOXING = YES;
				GCC_C_LANGUAGE_STANDARD = gnu17;
				GCC_NO_COMMON_BLOCKS = YES;
				GCC_WARN_64_TO_32_BIT_CONVERSION = YES;
				GCC_WARN_ABOUT_RETURN_TYPE = YES_ERROR;
				GCC_WARN_UNDECLARED_SELECTOR = YES;
				GCC_WARN_UNINITIALIZED_AUTOS = YES_AGGRESSIVE;
				GCC_WARN_UNUSED_FUNCTION = YES;
				GCC_WARN_UNUSED_VARIABLE = YES;
				IPHONEOS_DEPLOYMENT_TARGET = 17.0;
				LOCALIZATION_PREFERS_STRING_CATALOGS = YES;
				MTL_ENABLE_DEBUG_INFO = NO;
				MTL_FAST_MATH = YES;
				SDKROOT = iphoneos;
				SWIFT_COMPILATION_MODE = wholemodule;
				VALIDATE_PRODUCT = YES;
			};
			name = Release;
		};
		CB867DCD2ADD852C0058AB86 /* Debug */ = {
			isa = XCBuildConfiguration;
			buildSettings = {
				ASSETCATALOG_COMPILER_APPICON_NAME = AppIcon;
				ASSETCATALOG_COMPILER_GLOBAL_ACCENT_COLOR_NAME = AccentColor;
				CODE_SIGN_STYLE = Automatic;
				CURRENT_PROJECT_VERSION = 1;
				DEVELOPMENT_ASSET_PATHS = "\"PizzaHot/Preview Content\"";
				DEVELOPMENT_TEAM = 5JY83H55A5;
				ENABLE_PREVIEWS = YES;
				GENERATE_INFOPLIST_FILE = YES;
				INFOPLIST_KEY_UIApplicationSceneManifest_Generation = YES;
				INFOPLIST_KEY_UIApplicationSupportsIndirectInputEvents = YES;
				INFOPLIST_KEY_UILaunchScreen_Generation = YES;
				INFOPLIST_KEY_UISupportedInterfaceOrientations_iPad = "UIInterfaceOrientationPortrait UIInterfaceOrientationPortraitUpsideDown UIInterfaceOrientationLandscapeLeft UIInterfaceOrientationLandscapeRight";
				INFOPLIST_KEY_UISupportedInterfaceOrientations_iPhone = "UIInterfaceOrientationPortrait UIInterfaceOrientationLandscapeLeft UIInterfaceOrientationLandscapeRight";
				LD_RUNPATH_SEARCH_PATHS = (
					"$(inherited)",
					"@executable_path/Frameworks",
				);
				MARKETING_VERSION = 1.0;
				PRODUCT_BUNDLE_IDENTIFIER = ru.apbrandom.PizzaHot;
				PRODUCT_NAME = "$(TARGET_NAME)";
				SWIFT_EMIT_LOC_STRINGS = YES;
				SWIFT_VERSION = 5.0;
				TARGETED_DEVICE_FAMILY = "1,2";
			};
			name = Debug;
		};
		CB867DCE2ADD852C0058AB86 /* Release */ = {
			isa = XCBuildConfiguration;
			buildSettings = {
				ASSETCATALOG_COMPILER_APPICON_NAME = AppIcon;
				ASSETCATALOG_COMPILER_GLOBAL_ACCENT_COLOR_NAME = AccentColor;
				CODE_SIGN_STYLE = Automatic;
				CURRENT_PROJECT_VERSION = 1;
				DEVELOPMENT_ASSET_PATHS = "\"PizzaHot/Preview Content\"";
				DEVELOPMENT_TEAM = 5JY83H55A5;
				ENABLE_PREVIEWS = YES;
				GENERATE_INFOPLIST_FILE = YES;
				INFOPLIST_KEY_UIApplicationSceneManifest_Generation = YES;
				INFOPLIST_KEY_UIApplicationSupportsIndirectInputEvents = YES;
				INFOPLIST_KEY_UILaunchScreen_Generation = YES;
				INFOPLIST_KEY_UISupportedInterfaceOrientations_iPad = "UIInterfaceOrientationPortrait UIInterfaceOrientationPortraitUpsideDown UIInterfaceOrientationLandscapeLeft UIInterfaceOrientationLandscapeRight";
				INFOPLIST_KEY_UISupportedInterfaceOrientations_iPhone = "UIInterfaceOrientationPortrait UIInterfaceOrientationLandscapeLeft UIInterfaceOrientationLandscapeRight";
				LD_RUNPATH_SEARCH_PATHS = (
					"$(inherited)",
					"@executable_path/Frameworks",
				);
				MARKETING_VERSION = 1.0;
				PRODUCT_BUNDLE_IDENTIFIER = ru.apbrandom.PizzaHot;
				PRODUCT_NAME = "$(TARGET_NAME)";
				SWIFT_EMIT_LOC_STRINGS = YES;
				SWIFT_VERSION = 5.0;
				TARGETED_DEVICE_FAMILY = "1,2";
			};
			name = Release;
		};
/* End XCBuildConfiguration section */

/* Begin XCConfigurationList section */
		CB867DB92ADD852B0058AB86 /* Build configuration list for PBXProject "PizzaHot" */ = {
			isa = XCConfigurationList;
			buildConfigurations = (
				CB867DCA2ADD852C0058AB86 /* Debug */,
				CB867DCB2ADD852C0058AB86 /* Release */,
			);
			defaultConfigurationIsVisible = 0;
			defaultConfigurationName = Release;
		};
		CB867DCC2ADD852C0058AB86 /* Build configuration list for PBXNativeTarget "PizzaHot" */ = {
			isa = XCConfigurationList;
			buildConfigurations = (
				CB867DCD2ADD852C0058AB86 /* Debug */,
				CB867DCE2ADD852C0058AB86 /* Release */,
			);
			defaultConfigurationIsVisible = 0;
			defaultConfigurationName = Release;
		};
/* End XCConfigurationList section */
	};
	rootObject = CB867DB62ADD852B0058AB86 /* Project object */;
}
